
Microsoft Visual Studio Solution File, Format Version 12.00
# Visual Studio Version 16
VisualStudioVersion = 25.0.1706.4
MinimumVisualStudioVersion = 10.0.40219.1
Project("{FAE04EC0-301F-11D3-BF4B-00C04F79EFBC}") = "1_Control_5", "1_Control_5.csproj", "{46CB3EFC-BD71-440C-A0B7-75AD4911BBC1}"
EndProject
Global
	GlobalSection(SolutionConfigurationPlatforms) = preSolution
		Debug|Any CPU = Debug|Any CPU
		Release|Any CPU = Release|Any CPU
	EndGlobalSection
	GlobalSection(ProjectConfigurationPlatforms) = postSolution
		{46CB3EFC-BD71-440C-A0B7-75AD4911BBC1}.Debug|Any CPU.ActiveCfg = Debug|Any CPU
		{46CB3EFC-BD71-440C-A0B7-75AD4911BBC1}.Debug|Any CPU.Build.0 = Debug|Any CPU
		{46CB3EFC-BD71-440C-A0B7-75AD4911BBC1}.Release|Any CPU.ActiveCfg = Release|Any CPU
		{46CB3EFC-BD71-440C-A0B7-75AD4911BBC1}.Release|Any CPU.Build.0 = Release|Any CPU
	EndGlobalSection
	GlobalSection(SolutionProperties) = preSolution
		HideSolutionNode = FALSE
	EndGlobalSection
	GlobalSection(ExtensibilityGlobals) = postSolution
		SolutionGuid = {A81A1EA1-C57D-4864-A992-B391E181796D}
	EndGlobalSection
EndGlobal
