
Microsoft Visual Studio Solution File, Format Version 12.00
# Visual Studio Version 16
VisualStudioVersion = 25.0.1706.4
MinimumVisualStudioVersion = 10.0.40219.1
Project("{FAE04EC0-301F-11D3-BF4B-00C04F79EFBC}") = "Demo_Statements", "Demo_Statements\Demo_Statements.csproj", "{12146914-7519-4506-8656-170C34474B01}"
EndProject
Global
	GlobalSection(SolutionConfigurationPlatforms) = preSolution
		Debug|Any CPU = Debug|Any CPU
		Release|Any CPU = Release|Any CPU
	EndGlobalSection
	GlobalSection(ProjectConfigurationPlatforms) = postSolution
		{12146914-7519-4506-8656-170C34474B01}.Debug|Any CPU.ActiveCfg = Debug|Any CPU
		{12146914-7519-4506-8656-170C34474B01}.Debug|Any CPU.Build.0 = Debug|Any CPU
		{12146914-7519-4506-8656-170C34474B01}.Release|Any CPU.ActiveCfg = Release|Any CPU
		{12146914-7519-4506-8656-170C34474B01}.Release|Any CPU.Build.0 = Release|Any CPU
	EndGlobalSection
	GlobalSection(SolutionProperties) = preSolution
		HideSolutionNode = FALSE
	EndGlobalSection
	GlobalSection(ExtensibilityGlobals) = postSolution
		SolutionGuid = {B536B61E-C18A-416D-8C8A-2FE2D1FB37BD}
	EndGlobalSection
EndGlobal
