
Microsoft Visual Studio Solution File, Format Version 12.00
# Visual Studio Version 16
VisualStudioVersion = 25.0.1706.4
MinimumVisualStudioVersion = 10.0.40219.1
Project("{FAE04EC0-301F-11D3-BF4B-00C04F79EFBC}") = "Demo_While_Loop", "Demo_While_Loop.csproj", "{6B292080-93BE-48D4-8AFB-85EDD8BC8342}"
EndProject
Global
	GlobalSection(SolutionConfigurationPlatforms) = preSolution
		Debug|Any CPU = Debug|Any CPU
		Release|Any CPU = Release|Any CPU
	EndGlobalSection
	GlobalSection(ProjectConfigurationPlatforms) = postSolution
		{6B292080-93BE-48D4-8AFB-85EDD8BC8342}.Debug|Any CPU.ActiveCfg = Debug|Any CPU
		{6B292080-93BE-48D4-8AFB-85EDD8BC8342}.Debug|Any CPU.Build.0 = Debug|Any CPU
		{6B292080-93BE-48D4-8AFB-85EDD8BC8342}.Release|Any CPU.ActiveCfg = Release|Any CPU
		{6B292080-93BE-48D4-8AFB-85EDD8BC8342}.Release|Any CPU.Build.0 = Release|Any CPU
	EndGlobalSection
	GlobalSection(SolutionProperties) = preSolution
		HideSolutionNode = FALSE
	EndGlobalSection
	GlobalSection(ExtensibilityGlobals) = postSolution
		SolutionGuid = {9FAFB13F-BF1C-45FE-B51A-B0EB68357BA5}
	EndGlobalSection
EndGlobal
