
Microsoft Visual Studio Solution File, Format Version 12.00
# Visual Studio Version 16
VisualStudioVersion = 25.0.1706.4
MinimumVisualStudioVersion = 10.0.40219.1
Project("{FAE04EC0-301F-11D3-BF4B-00C04F79EFBC}") = "Demo_Types", "Demo_Types\Demo_Types.csproj", "{B08E84F3-8000-47BB-8D70-42907D42C1DA}"
EndProject
Global
	GlobalSection(SolutionConfigurationPlatforms) = preSolution
		Debug|Any CPU = Debug|Any CPU
		Release|Any CPU = Release|Any CPU
	EndGlobalSection
	GlobalSection(ProjectConfigurationPlatforms) = postSolution
		{B08E84F3-8000-47BB-8D70-42907D42C1DA}.Debug|Any CPU.ActiveCfg = Debug|Any CPU
		{B08E84F3-8000-47BB-8D70-42907D42C1DA}.Debug|Any CPU.Build.0 = Debug|Any CPU
		{B08E84F3-8000-47BB-8D70-42907D42C1DA}.Release|Any CPU.ActiveCfg = Release|Any CPU
		{B08E84F3-8000-47BB-8D70-42907D42C1DA}.Release|Any CPU.Build.0 = Release|Any CPU
	EndGlobalSection
	GlobalSection(SolutionProperties) = preSolution
		HideSolutionNode = FALSE
	EndGlobalSection
	GlobalSection(ExtensibilityGlobals) = postSolution
		SolutionGuid = {B33453F4-5357-49BC-9E37-EB5CC47D95A1}
	EndGlobalSection
EndGlobal
