
Microsoft Visual Studio Solution File, Format Version 12.00
# Visual Studio Version 16
VisualStudioVersion = 25.0.1706.5
MinimumVisualStudioVersion = 10.0.40219.1
Project("{FAE04EC0-301F-11D3-BF4B-00C04F79EFBC}") = "Demo_Arrays_study", "Demo_Arrays_study.csproj", "{B331A2C4-3F13-4DBA-95B7-904D0E403B33}"
EndProject
Global
	GlobalSection(SolutionConfigurationPlatforms) = preSolution
		Debug|Any CPU = Debug|Any CPU
		Release|Any CPU = Release|Any CPU
	EndGlobalSection
	GlobalSection(ProjectConfigurationPlatforms) = postSolution
		{B331A2C4-3F13-4DBA-95B7-904D0E403B33}.Debug|Any CPU.ActiveCfg = Debug|Any CPU
		{B331A2C4-3F13-4DBA-95B7-904D0E403B33}.Debug|Any CPU.Build.0 = Debug|Any CPU
		{B331A2C4-3F13-4DBA-95B7-904D0E403B33}.Release|Any CPU.ActiveCfg = Release|Any CPU
		{B331A2C4-3F13-4DBA-95B7-904D0E403B33}.Release|Any CPU.Build.0 = Release|Any CPU
	EndGlobalSection
	GlobalSection(SolutionProperties) = preSolution
		HideSolutionNode = FALSE
	EndGlobalSection
	GlobalSection(ExtensibilityGlobals) = postSolution
		SolutionGuid = {E9F68A64-C062-42A6-831C-27C1420C34A3}
	EndGlobalSection
EndGlobal
