
Microsoft Visual Studio Solution File, Format Version 12.00
# Visual Studio Version 16
VisualStudioVersion = 25.0.1706.4
MinimumVisualStudioVersion = 10.0.40219.1
Project("{FAE04EC0-301F-11D3-BF4B-00C04F79EFBC}") = "DEMO CLASSES", "DEMO CLASSES\DEMO CLASSES.csproj", "{E9FDCC4B-4CD3-412F-91FC-CF6047180AF3}"
EndProject
Project("{2150E333-8FDC-42A3-9474-1A3956D46DE8}") = "Solution Items", "Solution Items", "{26A3FB75-F09D-4BE7-B5C2-C9001D32CF08}"
EndProject
Project("{2150E333-8FDC-42A3-9474-1A3956D46DE8}") = "Math", "Math", "{97875873-937B-4ACE-B830-C0FC4033B666}"
EndProject
Global
	GlobalSection(SolutionConfigurationPlatforms) = preSolution
		Debug|Any CPU = Debug|Any CPU
		Release|Any CPU = Release|Any CPU
	EndGlobalSection
	GlobalSection(ProjectConfigurationPlatforms) = postSolution
		{E9FDCC4B-4CD3-412F-91FC-CF6047180AF3}.Debug|Any CPU.ActiveCfg = Debug|Any CPU
		{E9FDCC4B-4CD3-412F-91FC-CF6047180AF3}.Debug|Any CPU.Build.0 = Debug|Any CPU
		{E9FDCC4B-4CD3-412F-91FC-CF6047180AF3}.Release|Any CPU.ActiveCfg = Release|Any CPU
		{E9FDCC4B-4CD3-412F-91FC-CF6047180AF3}.Release|Any CPU.Build.0 = Release|Any CPU
	EndGlobalSection
	GlobalSection(SolutionProperties) = preSolution
		HideSolutionNode = FALSE
	EndGlobalSection
	GlobalSection(ExtensibilityGlobals) = postSolution
		SolutionGuid = {44ADAB92-9A5D-49C6-9A08-6BE8DBE8B3D4}
	EndGlobalSection
	GlobalSection(MonoDevelopProperties) = preSolution
		BaseDirectory = ../../Documents/Mule /exersare/C#/Mosh
	EndGlobalSection
EndGlobal
