
Microsoft Visual Studio Solution File, Format Version 12.00
# Visual Studio Version 16
VisualStudioVersion = 25.0.1706.5
MinimumVisualStudioVersion = 10.0.40219.1
Project("{FAE04EC0-301F-11D3-BF4B-00C04F79EFBC}") = "1_ArraysLists_2", "1_ArraysLists_2.csproj", "{2EF08698-32C5-4849-84C1-7E20F55BB176}"
EndProject
Global
	GlobalSection(SolutionConfigurationPlatforms) = preSolution
		Debug|Any CPU = Debug|Any CPU
		Release|Any CPU = Release|Any CPU
	EndGlobalSection
	GlobalSection(ProjectConfigurationPlatforms) = postSolution
		{2EF08698-32C5-4849-84C1-7E20F55BB176}.Debug|Any CPU.ActiveCfg = Debug|Any CPU
		{2EF08698-32C5-4849-84C1-7E20F55BB176}.Debug|Any CPU.Build.0 = Debug|Any CPU
		{2EF08698-32C5-4849-84C1-7E20F55BB176}.Release|Any CPU.ActiveCfg = Release|Any CPU
		{2EF08698-32C5-4849-84C1-7E20F55BB176}.Release|Any CPU.Build.0 = Release|Any CPU
	EndGlobalSection
	GlobalSection(SolutionProperties) = preSolution
		HideSolutionNode = FALSE
	EndGlobalSection
	GlobalSection(ExtensibilityGlobals) = postSolution
		SolutionGuid = {28F3C6AA-439D-4797-A080-47EF9F13919E}
	EndGlobalSection
EndGlobal
